
Microsoft Visual Studio Solution File, Format Version 12.00
# Visual Studio Version 17
VisualStudioVersion = 17.6.33829.357
MinimumVisualStudioVersion = 10.0.40219.1
Project("{FAE04EC0-301F-11D3-BF4B-00C04F79EFBC}") = "Taller_Controlador", "Taller_Controlador\Taller_Controlador.csproj", "{6C7F5EA8-A65C-4FB9-B634-F96B11C9C1EA}"
EndProject
Global
	GlobalSection(SolutionConfigurationPlatforms) = preSolution
		Debug|Any CPU = Debug|Any CPU
		Release|Any CPU = Release|Any CPU
	EndGlobalSection
	GlobalSection(ProjectConfigurationPlatforms) = postSolution
		{6C7F5EA8-A65C-4FB9-B634-F96B11C9C1EA}.Debug|Any CPU.ActiveCfg = Debug|Any CPU
		{6C7F5EA8-A65C-4FB9-B634-F96B11C9C1EA}.Debug|Any CPU.Build.0 = Debug|Any CPU
		{6C7F5EA8-A65C-4FB9-B634-F96B11C9C1EA}.Release|Any CPU.ActiveCfg = Release|Any CPU
		{6C7F5EA8-A65C-4FB9-B634-F96B11C9C1EA}.Release|Any CPU.Build.0 = Release|Any CPU
	EndGlobalSection
	GlobalSection(SolutionProperties) = preSolution
		HideSolutionNode = FALSE
	EndGlobalSection
	GlobalSection(ExtensibilityGlobals) = postSolution
		SolutionGuid = {3EEDC58B-8032-4406-9E4A-31A54F099FCD}
	EndGlobalSection
EndGlobal
